
Microsoft Visual Studio Solution File, Format Version 12.00
# Visual Studio Version 16
VisualStudioVersion = 16.0.31320.298
MinimumVisualStudioVersion = 10.0.40219.1
Project("{FAE04EC0-301F-11D3-BF4B-00C04F79EFBC}") = "PublicFoundation", "PublicFoundation\PublicFoundation.csproj", "{12FD336E-62BC-4184-8F9E-E5DECFB08552}"
EndProject
Global
	GlobalSection(SolutionConfigurationPlatforms) = preSolution
		Debug|Any CPU = Debug|Any CPU
		Release|Any CPU = Release|Any CPU
	EndGlobalSection
	GlobalSection(ProjectConfigurationPlatforms) = postSolution
		{12FD336E-62BC-4184-8F9E-E5DECFB08552}.Debug|Any CPU.ActiveCfg = Debug|Any CPU
		{12FD336E-62BC-4184-8F9E-E5DECFB08552}.Debug|Any CPU.Build.0 = Debug|Any CPU
		{12FD336E-62BC-4184-8F9E-E5DECFB08552}.Release|Any CPU.ActiveCfg = Release|Any CPU
		{12FD336E-62BC-4184-8F9E-E5DECFB08552}.Release|Any CPU.Build.0 = Release|Any CPU
	EndGlobalSection
	GlobalSection(SolutionProperties) = preSolution
		HideSolutionNode = FALSE
	EndGlobalSection
	GlobalSection(ExtensibilityGlobals) = postSolution
		SolutionGuid = {B7CE2294-E9A4-4AB5-863D-DE5F41410371}
	EndGlobalSection
EndGlobal
